
Microsoft Visual Studio Solution File, Format Version 12.00
# Visual Studio Version 17
VisualStudioVersion = 17.6.33815.320
MinimumVisualStudioVersion = 10.0.40219.1
Project("{FAE04EC0-301F-11D3-BF4B-00C04F79EFBC}") = "CRUD", "CRUD\CRUD.csproj", "{ADFBEC28-6ED3-4AEB-A227-65AB5185DF59}"
EndProject
Project("{FAE04EC0-301F-11D3-BF4B-00C04F79EFBC}") = "Users", "Users\Users.csproj", "{541E72CD-5415-48C1-B2B3-65988565DE8E}"
EndProject
Global
	GlobalSection(SolutionConfigurationPlatforms) = preSolution
		Debug|Any CPU = Debug|Any CPU
		Release|Any CPU = Release|Any CPU
	EndGlobalSection
	GlobalSection(ProjectConfigurationPlatforms) = postSolution
		{ADFBEC28-6ED3-4AEB-A227-65AB5185DF59}.Debug|Any CPU.ActiveCfg = Debug|Any CPU
		{ADFBEC28-6ED3-4AEB-A227-65AB5185DF59}.Debug|Any CPU.Build.0 = Debug|Any CPU
		{ADFBEC28-6ED3-4AEB-A227-65AB5185DF59}.Release|Any CPU.ActiveCfg = Release|Any CPU
		{ADFBEC28-6ED3-4AEB-A227-65AB5185DF59}.Release|Any CPU.Build.0 = Release|Any CPU
		{541E72CD-5415-48C1-B2B3-65988565DE8E}.Debug|Any CPU.ActiveCfg = Debug|Any CPU
		{541E72CD-5415-48C1-B2B3-65988565DE8E}.Debug|Any CPU.Build.0 = Debug|Any CPU
		{541E72CD-5415-48C1-B2B3-65988565DE8E}.Release|Any CPU.ActiveCfg = Release|Any CPU
		{541E72CD-5415-48C1-B2B3-65988565DE8E}.Release|Any CPU.Build.0 = Release|Any CPU
	EndGlobalSection
	GlobalSection(SolutionProperties) = preSolution
		HideSolutionNode = FALSE
	EndGlobalSection
	GlobalSection(ExtensibilityGlobals) = postSolution
		SolutionGuid = {0EBE07FA-A35B-4D9B-8128-988FA58DFF76}
	EndGlobalSection
EndGlobal
